
Microsoft Visual Studio Solution File, Format Version 12.00
# Visual Studio Version 16
VisualStudioVersion = 16.0.30225.117
MinimumVisualStudioVersion = 10.0.40219.1
Project("{FAE04EC0-301F-11D3-BF4B-00C04F79EFBC}") = "Commands", "Commands\Commands.csproj", "{1F45B065-AD07-4431-886A-79316E9210EB}"
EndProject
Project("{FAE04EC0-301F-11D3-BF4B-00C04F79EFBC}") = "CommandsTests", "CommandsTests\CommandsTests.csproj", "{E28A93C8-3305-457D-B801-9EC7B08E1D0B}"
EndProject
Global
	GlobalSection(SolutionConfigurationPlatforms) = preSolution
		Debug|Any CPU = Debug|Any CPU
		Release|Any CPU = Release|Any CPU
	EndGlobalSection
	GlobalSection(ProjectConfigurationPlatforms) = postSolution
		{1F45B065-AD07-4431-886A-79316E9210EB}.Debug|Any CPU.ActiveCfg = Debug|Any CPU
		{1F45B065-AD07-4431-886A-79316E9210EB}.Debug|Any CPU.Build.0 = Debug|Any CPU
		{1F45B065-AD07-4431-886A-79316E9210EB}.Release|Any CPU.ActiveCfg = Release|Any CPU
		{1F45B065-AD07-4431-886A-79316E9210EB}.Release|Any CPU.Build.0 = Release|Any CPU
		{E28A93C8-3305-457D-B801-9EC7B08E1D0B}.Debug|Any CPU.ActiveCfg = Debug|Any CPU
		{E28A93C8-3305-457D-B801-9EC7B08E1D0B}.Debug|Any CPU.Build.0 = Debug|Any CPU
		{E28A93C8-3305-457D-B801-9EC7B08E1D0B}.Release|Any CPU.ActiveCfg = Release|Any CPU
		{E28A93C8-3305-457D-B801-9EC7B08E1D0B}.Release|Any CPU.Build.0 = Release|Any CPU
	EndGlobalSection
	GlobalSection(SolutionProperties) = preSolution
		HideSolutionNode = FALSE
	EndGlobalSection
	GlobalSection(ExtensibilityGlobals) = postSolution
		SolutionGuid = {8DD542A1-EE2B-4E23-8539-EE99CBE1779B}
	EndGlobalSection
EndGlobal
